
Microsoft Visual Studio Solution File, Format Version 12.00
# Visual Studio Version 16
VisualStudioVersion = 16.0.29503.13
MinimumVisualStudioVersion = 10.0.40219.1
Project("{8BC9CEB8-8B4A-11D0-8D11-00A0C91BC942}") = "Drukarka3d", "Drukarka3d\Drukarka3d.vcxproj", "{7E2CB208-726E-4FFA-8D0B-73A6A99E5B95}"
EndProject
Global
	GlobalSection(SolutionConfigurationPlatforms) = preSolution
		Debug|x64 = Debug|x64
		Debug|x86 = Debug|x86
		Release|x64 = Release|x64
		Release|x86 = Release|x86
	EndGlobalSection
	GlobalSection(ProjectConfigurationPlatforms) = postSolution
		{7E2CB208-726E-4FFA-8D0B-73A6A99E5B95}.Debug|x64.ActiveCfg = Debug|x64
		{7E2CB208-726E-4FFA-8D0B-73A6A99E5B95}.Debug|x64.Build.0 = Debug|x64
		{7E2CB208-726E-4FFA-8D0B-73A6A99E5B95}.Debug|x86.ActiveCfg = Debug|Win32
		{7E2CB208-726E-4FFA-8D0B-73A6A99E5B95}.Debug|x86.Build.0 = Debug|Win32
		{7E2CB208-726E-4FFA-8D0B-73A6A99E5B95}.Release|x64.ActiveCfg = Release|x64
		{7E2CB208-726E-4FFA-8D0B-73A6A99E5B95}.Release|x64.Build.0 = Release|x64
		{7E2CB208-726E-4FFA-8D0B-73A6A99E5B95}.Release|x86.ActiveCfg = Release|Win32
		{7E2CB208-726E-4FFA-8D0B-73A6A99E5B95}.Release|x86.Build.0 = Release|Win32
	EndGlobalSection
	GlobalSection(SolutionProperties) = preSolution
		HideSolutionNode = FALSE
	EndGlobalSection
	GlobalSection(ExtensibilityGlobals) = postSolution
		SolutionGuid = {FC8188EC-94B4-47F7-AAD2-FC91E339402D}
	EndGlobalSection
EndGlobal
